
Microsoft Visual Studio Solution File, Format Version 12.00
# Visual Studio Version 16
VisualStudioVersion = 16.0.30517.126
MinimumVisualStudioVersion = 10.0.40219.1
Project("{FAE04EC0-301F-11D3-BF4B-00C04F79EFBC}") = "rockpaperscrissor", "rockpaperscrissor\rockpaperscrissor.csproj", "{BF2512B3-9E75-4CE8-AD2E-96B3E1B3CF9C}"
EndProject
Global
	GlobalSection(SolutionConfigurationPlatforms) = preSolution
		Debug|Any CPU = Debug|Any CPU
		Release|Any CPU = Release|Any CPU
	EndGlobalSection
	GlobalSection(ProjectConfigurationPlatforms) = postSolution
		{BF2512B3-9E75-4CE8-AD2E-96B3E1B3CF9C}.Debug|Any CPU.ActiveCfg = Debug|Any CPU
		{BF2512B3-9E75-4CE8-AD2E-96B3E1B3CF9C}.Debug|Any CPU.Build.0 = Debug|Any CPU
		{BF2512B3-9E75-4CE8-AD2E-96B3E1B3CF9C}.Release|Any CPU.ActiveCfg = Release|Any CPU
		{BF2512B3-9E75-4CE8-AD2E-96B3E1B3CF9C}.Release|Any CPU.Build.0 = Release|Any CPU
	EndGlobalSection
	GlobalSection(SolutionProperties) = preSolution
		HideSolutionNode = FALSE
	EndGlobalSection
	GlobalSection(ExtensibilityGlobals) = postSolution
		SolutionGuid = {9F98DFA4-978B-4747-B356-A3A16AA6B04A}
	EndGlobalSection
EndGlobal
